
Microsoft Visual Studio Solution File, Format Version 12.00
# Visual Studio Version 16
VisualStudioVersion = 16.0.32002.261
MinimumVisualStudioVersion = 10.0.40219.1
Project("{FAE04EC0-301F-11D3-BF4B-00C04F79EFBC}") = "USt2", "USt2.csproj", "{C7D32E31-85B5-4DCF-8A58-6C2A7DA17200}"
EndProject
Global
	GlobalSection(SolutionConfigurationPlatforms) = preSolution
		Debug|Any CPU = Debug|Any CPU
		Release|Any CPU = Release|Any CPU
	EndGlobalSection
	GlobalSection(ProjectConfigurationPlatforms) = postSolution
		{C7D32E31-85B5-4DCF-8A58-6C2A7DA17200}.Debug|Any CPU.ActiveCfg = Debug|Any CPU
		{C7D32E31-85B5-4DCF-8A58-6C2A7DA17200}.Debug|Any CPU.Build.0 = Debug|Any CPU
		{C7D32E31-85B5-4DCF-8A58-6C2A7DA17200}.Release|Any CPU.ActiveCfg = Release|Any CPU
		{C7D32E31-85B5-4DCF-8A58-6C2A7DA17200}.Release|Any CPU.Build.0 = Release|Any CPU
	EndGlobalSection
	GlobalSection(SolutionProperties) = preSolution
		HideSolutionNode = FALSE
	EndGlobalSection
	GlobalSection(ExtensibilityGlobals) = postSolution
		SolutionGuid = {E9D39DB1-A74F-43D8-AD70-A80D2BEA9325}
	EndGlobalSection
EndGlobal
